<?xml version="1.0"?>
<CONFIG>
  <ProjectOptions>
    <Version Value="9"/>
    <PathDelim Value="\"/>
    <General>
      <Flags>
        <AlwaysBuild Value="False"/>
      </Flags>
      <MainUnit Value="0"/>
      <ResourceType Value="res"/>
      <UseXPManifest Value="True"/>
      <Icon Value="0"/>
      <ActiveWindowIndexAtStart Value="0"/>
    </General>
    <i18n>
      <EnableI18N LFM="False"/>
    </i18n>
    <VersionInfo>
      <StringTable ProductVersion=""/>
    </VersionInfo>
    <BuildModes Count="2" Active="Default">
      <Item1 Name="Default" Default="True"/>
      <Item2 Name="Default1">
        <CompilerOptions>
          <Version Value="9"/>
          <PathDelim Value="\"/>
          <Target>
            <Filename Value="..\ZTestConfig"/>
          </Target>
          <SearchPaths>
            <IncludeFiles Value="$(ProjOutDir)"/>
            <OtherUnitFiles Value="Units;..\..\src\core;..\..\packages\lazarus;..\..\src\component"/>
            <UnitOutputDirectory Value="lib\$(TargetCPU)-$(TargetOS)"/>
          </SearchPaths>
          <Linking>
            <Options>
              <Win32>
                <GraphicApplication Value="True"/>
              </Win32>
            </Options>
          </Linking>
          <Other>
            <CompilerMessages>
              <UseMsgFile Value="True"/>
            </CompilerMessages>
            <CompilerPath Value="$(CompPath)"/>
          </Other>
        </CompilerOptions>
      </Item2>
    </BuildModes>
    <PublishOptions>
      <Version Value="2"/>
      <IncludeFileFilter Value="*.(pas|pp|inc|lfm|lpr|lrs|lpi|lpk|sh|xml)"/>
      <ExcludeFileFilter Value="*.(bak|ppu|o|so);*~;backup"/>
    </PublishOptions>
    <RunParams>
      <local>
        <FormatVersion Value="1"/>
      </local>
    </RunParams>
    <RequiredPackages Count="2">
      <Item1>
        <PackageName Value="zcomponent"/>
        <MinVersion Major="7" Valid="True"/>
      </Item1>
      <Item2>
        <PackageName Value="LCL"/>
      </Item2>
    </RequiredPackages>
    <Units Count="18">
      <Unit0>
        <Filename Value="ZTestConfig.lpr"/>
        <IsPartOfProject Value="True"/>
        <UnitName Value="ZTestConfig"/>
        <EditorIndex Value="8"/>
        <WindowIndex Value="0"/>
        <TopLine Value="1"/>
        <CursorPos X="1" Y="19"/>
        <UsageCount Value="45"/>
        <Loaded Value="True"/>
      </Unit0>
      <Unit1>
        <Filename Value="Units\formmain.pas"/>
        <IsPartOfProject Value="True"/>
        <ComponentName Value="frmMain"/>
        <ResourceBaseClass Value="Form"/>
        <UnitName Value="FormMain"/>
        <IsVisibleTab Value="True"/>
        <EditorIndex Value="0"/>
        <WindowIndex Value="0"/>
        <TopLine Value="2"/>
        <CursorPos X="21" Y="972"/>
        <UsageCount Value="45"/>
        <Loaded Value="True"/>
        <LoadedDesigner Value="True"/>
      </Unit1>
      <Unit2>
        <Filename Value="..\..\src\dbc\ZDbcIntfs.pas"/>
        <UnitName Value="ZDbcIntfs"/>
        <EditorIndex Value="11"/>
        <WindowIndex Value="0"/>
        <TopLine Value="454"/>
        <CursorPos X="32" Y="482"/>
        <UsageCount Value="23"/>
        <Loaded Value="True"/>
      </Unit2>
      <Unit3>
        <Filename Value="..\..\src\core\ZVariant.pas"/>
        <UnitName Value="ZVariant"/>
        <EditorIndex Value="13"/>
        <WindowIndex Value="0"/>
        <TopLine Value="1297"/>
        <CursorPos X="30" Y="1320"/>
        <UsageCount Value="23"/>
        <Loaded Value="True"/>
      </Unit3>
      <Unit4>
        <Filename Value="..\..\src\core\ZCollections.pas"/>
        <UnitName Value="ZCollections"/>
        <WindowIndex Value="0"/>
        <TopLine Value="480"/>
        <CursorPos X="23" Y="504"/>
        <UsageCount Value="7"/>
      </Unit4>
      <Unit5>
        <Filename Value="..\..\src\component\ZPropertyEditor.pas"/>
        <UnitName Value="ZPropertyEditor"/>
        <EditorIndex Value="1"/>
        <WindowIndex Value="0"/>
        <TopLine Value="534"/>
        <CursorPos X="45" Y="557"/>
        <UsageCount Value="14"/>
        <Loaded Value="True"/>
      </Unit5>
      <Unit6>
        <Filename Value="..\..\packages\lazarus\zcomponent.pas"/>
        <UnitName Value="zcomponent"/>
        <EditorIndex Value="10"/>
        <WindowIndex Value="0"/>
        <TopLine Value="1"/>
        <CursorPos X="36" Y="11"/>
        <UsageCount Value="23"/>
        <Loaded Value="True"/>
      </Unit6>
      <Unit7>
        <Filename Value="..\framework\ZTestConfig.pas"/>
        <UnitName Value="ZTestConfig"/>
        <WindowIndex Value="0"/>
        <TopLine Value="116"/>
        <CursorPos X="13" Y="130"/>
        <UsageCount Value="18"/>
      </Unit7>
      <Unit8>
        <Filename Value="..\..\src\core\ZURL.pas"/>
        <UnitName Value="ZURL"/>
        <EditorIndex Value="9"/>
        <WindowIndex Value="0"/>
        <TopLine Value="220"/>
        <CursorPos X="1" Y="234"/>
        <UsageCount Value="22"/>
        <Loaded Value="True"/>
      </Unit8>
      <Unit9>
        <Filename Value="..\framework\ZSqlTestCase.pas"/>
        <UnitName Value="ZSqlTestCase"/>
        <WindowIndex Value="0"/>
        <TopLine Value="162"/>
        <CursorPos X="52" Y="175"/>
        <UsageCount Value="8"/>
      </Unit9>
      <Unit10>
        <Filename Value="..\..\src\core\ZSysUtils.pas"/>
        <UnitName Value="ZSysUtils"/>
        <EditorIndex Value="12"/>
        <WindowIndex Value="0"/>
        <TopLine Value="1094"/>
        <CursorPos X="37" Y="1115"/>
        <UsageCount Value="20"/>
        <Loaded Value="True"/>
      </Unit10>
      <Unit11>
        <Filename Value="C:\lazarus\lcl\include\customlistbox.inc"/>
        <EditorIndex Value="2"/>
        <WindowIndex Value="0"/>
        <TopLine Value="529"/>
        <CursorPos X="1" Y="561"/>
        <UsageCount Value="19"/>
        <Loaded Value="True"/>
      </Unit11>
      <Unit12>
        <Filename Value="C:\lazarus\lcl\include\control.inc"/>
        <EditorIndex Value="3"/>
        <WindowIndex Value="0"/>
        <TopLine Value="1662"/>
        <CursorPos X="1" Y="1685"/>
        <UsageCount Value="17"/>
        <Loaded Value="True"/>
      </Unit12>
      <Unit13>
        <Filename Value="C:\lazarus\lcl\include\wincontrol.inc"/>
        <EditorIndex Value="4"/>
        <WindowIndex Value="0"/>
        <TopLine Value="5219"/>
        <CursorPos X="1" Y="5242"/>
        <UsageCount Value="17"/>
        <Loaded Value="True"/>
      </Unit13>
      <Unit14>
        <Filename Value="C:\lazarus\lcl\lclmessageglue.pas"/>
        <UnitName Value="LCLMessageGlue"/>
        <EditorIndex Value="5"/>
        <WindowIndex Value="0"/>
        <TopLine Value="94"/>
        <CursorPos X="1" Y="121"/>
        <UsageCount Value="17"/>
        <Loaded Value="True"/>
      </Unit14>
      <Unit15>
        <Filename Value="C:\lazarus\lcl\interfaces\win32\win32callback.inc"/>
        <EditorIndex Value="6"/>
        <WindowIndex Value="0"/>
        <TopLine Value="2573"/>
        <CursorPos X="1" Y="2605"/>
        <UsageCount Value="17"/>
        <Loaded Value="True"/>
      </Unit15>
      <Unit16>
        <Filename Value="C:\lazarus\lcl\interfaces\win32\win32wsstdctrls.pp"/>
        <UnitName Value="Win32WSStdCtrls"/>
        <EditorIndex Value="7"/>
        <WindowIndex Value="0"/>
        <TopLine Value="386"/>
        <CursorPos X="1" Y="409"/>
        <UsageCount Value="17"/>
        <Loaded Value="True"/>
      </Unit16>
      <Unit17>
        <Filename Value="..\framework\ZPerformanceTestCase.pas"/>
        <UnitName Value="ZPerformanceTestCase"/>
        <WindowIndex Value="0"/>
        <TopLine Value="231"/>
        <CursorPos X="1" Y="231"/>
        <UsageCount Value="10"/>
      </Unit17>
    </Units>
    <JumpHistory Count="30" HistoryIndex="29">
      <Position1>
        <Filename Value="Units\formmain.pas"/>
        <Caret Line="322" Column="1" TopLine="283"/>
      </Position1>
      <Position2>
        <Filename Value="Units\formmain.pas"/>
        <Caret Line="323" Column="1" TopLine="284"/>
      </Position2>
      <Position3>
        <Filename Value="Units\formmain.pas"/>
        <Caret Line="317" Column="34" TopLine="286"/>
      </Position3>
      <Position4>
        <Filename Value="Units\formmain.pas"/>
        <Caret Line="722" Column="70" TopLine="720"/>
      </Position4>
      <Position5>
        <Filename Value="Units\formmain.pas"/>
        <Caret Line="160" Column="69" TopLine="137"/>
      </Position5>
      <Position6>
        <Filename Value="Units\formmain.pas"/>
        <Caret Line="560" Column="1" TopLine="552"/>
      </Position6>
      <Position7>
        <Filename Value="Units\formmain.pas"/>
        <Caret Line="561" Column="1" TopLine="295"/>
      </Position7>
      <Position8>
        <Filename Value="Units\formmain.pas"/>
        <Caret Line="560" Column="1" TopLine="537"/>
      </Position8>
      <Position9>
        <Filename Value="Units\formmain.pas"/>
        <Caret Line="662" Column="54" TopLine="633"/>
      </Position9>
      <Position10>
        <Filename Value="Units\formmain.pas"/>
        <Caret Line="399" Column="33" TopLine="353"/>
      </Position10>
      <Position11>
        <Filename Value="Units\formmain.pas"/>
        <Caret Line="542" Column="43" TopLine="1"/>
      </Position11>
      <Position12>
        <Filename Value="Units\formmain.pas"/>
        <Caret Line="544" Column="43" TopLine="498"/>
      </Position12>
      <Position13>
        <Filename Value="Units\formmain.pas"/>
        <Caret Line="583" Column="1" TopLine="570"/>
      </Position13>
      <Position14>
        <Filename Value="Units\formmain.pas"/>
        <Caret Line="632" Column="35" TopLine="628"/>
      </Position14>
      <Position15>
        <Filename Value="Units\formmain.pas"/>
        <Caret Line="9" Column="30" TopLine="1"/>
      </Position15>
      <Position16>
        <Filename Value="Units\formmain.pas"/>
        <Caret Line="167" Column="1" TopLine="161"/>
      </Position16>
      <Position17>
        <Filename Value="Units\formmain.pas"/>
        <Caret Line="195" Column="1" TopLine="176"/>
      </Position17>
      <Position18>
        <Filename Value="Units\formmain.pas"/>
        <Caret Line="196" Column="1" TopLine="184"/>
      </Position18>
      <Position19>
        <Filename Value="Units\formmain.pas"/>
        <Caret Line="663" Column="1" TopLine="651"/>
      </Position19>
      <Position20>
        <Filename Value="Units\formmain.pas"/>
        <Caret Line="697" Column="1" TopLine="655"/>
      </Position20>
      <Position21>
        <Filename Value="Units\formmain.pas"/>
        <Caret Line="674" Column="3" TopLine="650"/>
      </Position21>
      <Position22>
        <Filename Value="Units\formmain.pas"/>
        <Caret Line="196" Column="1" TopLine="181"/>
      </Position22>
      <Position23>
        <Filename Value="Units\formmain.pas"/>
        <Caret Line="844" Column="1" TopLine="822"/>
      </Position23>
      <Position24>
        <Filename Value="Units\formmain.pas"/>
        <Caret Line="839" Column="10" TopLine="800"/>
      </Position24>
      <Position25>
        <Filename Value="Units\formmain.pas"/>
        <Caret Line="229" Column="72" TopLine="206"/>
      </Position25>
      <Position26>
        <Filename Value="Units\formmain.pas"/>
        <Caret Line="237" Column="36" TopLine="212"/>
      </Position26>
      <Position27>
        <Filename Value="Units\formmain.pas"/>
        <Caret Line="249" Column="84" TopLine="226"/>
      </Position27>
      <Position28>
        <Filename Value="Units\formmain.pas"/>
        <Caret Line="252" Column="25" TopLine="229"/>
      </Position28>
      <Position29>
        <Filename Value="Units\formmain.pas"/>
        <Caret Line="195" Column="16" TopLine="186"/>
      </Position29>
      <Position30>
        <Filename Value="Units\formmain.pas"/>
        <Caret Line="826" Column="16" TopLine="802"/>
      </Position30>
    </JumpHistory>
  </ProjectOptions>
  <CompilerOptions>
    <Version Value="9"/>
    <PathDelim Value="\"/>
    <Target>
      <Filename Value="..\ZTestConfig"/>
    </Target>
    <SearchPaths>
      <IncludeFiles Value="$(ProjOutDir)"/>
      <OtherUnitFiles Value="Units;..\..\src\plain;..\..\src\parsesql;..\..\src\core;..\..\packages\lazarus;..\..\src\dbc;..\..\src\component"/>
      <UnitOutputDirectory Value="lib\$(TargetCPU)-$(TargetOS)"/>
    </SearchPaths>
    <Linking>
      <Options>
        <Win32>
          <GraphicApplication Value="True"/>
        </Win32>
      </Options>
    </Linking>
    <Other>
      <CompilerMessages>
        <UseMsgFile Value="True"/>
      </CompilerMessages>
      <CompilerPath Value="$(CompPath)"/>
    </Other>
  </CompilerOptions>
  <Debugging>
    <Exceptions Count="3">
      <Item1>
        <Name Value="EAbort"/>
      </Item1>
      <Item2>
        <Name Value="ECodetoolError"/>
      </Item2>
      <Item3>
        <Name Value="EFOpenError"/>
      </Item3>
    </Exceptions>
  </Debugging>
</CONFIG>
