	<Project xmlns="http://schemas.microsoft.com/developer/msbuild/2003">
		<PropertyGroup>
			<ProjectGuid>{9CA34923-2064-408B-92EC-681431B8D3DB}</ProjectGuid>
			<MainSource>ZTestAll.dpr</MainSource>
			<Config Condition="'$(Config)'==''">Debug</Config>
			<DCC_DCCCompiler>DCC32</DCC_DCCCompiler>
			<ProjectVersion>12.0</ProjectVersion>
		</PropertyGroup>
		<PropertyGroup Condition="'$(Config)'=='Base' or '$(Base)'!=''">
			<Base>true</Base>
		</PropertyGroup>
		<PropertyGroup Condition="'$(Config)'=='Release' or '$(Cfg_1)'!=''">
			<Cfg_1>true</Cfg_1>
			<CfgParent>Base</CfgParent>
			<Base>true</Base>
		</PropertyGroup>
		<PropertyGroup Condition="'$(Config)'=='Debug' or '$(Cfg_2)'!=''">
			<Cfg_2>true</Cfg_2>
			<CfgParent>Base</CfgParent>
			<Base>true</Base>
		</PropertyGroup>
		<PropertyGroup Condition="'$(Base)'!=''">
			<DCC_RangeChecking>true</DCC_RangeChecking>
			<DCC_IntegerOverflowCheck>true</DCC_IntegerOverflowCheck>
			<DCC_UnitSearchPath>build;..\..\test\framework;..\..\test\core;..\..\test\parsesql;..\..\test\dbc;..\..\test\component;..\..\test\bugreport;..\..\test\external;..\..\test\performance;$(DCC_UnitSearchPath)</DCC_UnitSearchPath>
			<DCC_ExeOutput>build</DCC_ExeOutput>
			<DCC_DcuOutput>build</DCC_DcuOutput>
			<DCC_DcpOutput>build</DCC_DcpOutput>
			<DCC_BplOutput>build</DCC_BplOutput>
			<DCC_ImageBase>00400000</DCC_ImageBase>
			<DCC_E>false</DCC_E>
			<DCC_Platform>x86</DCC_Platform>
			<DCC_DependencyCheckOutputName>build\ZTestAll.exe</DCC_DependencyCheckOutputName>
			<DCC_N>false</DCC_N>
			<DCC_S>false</DCC_S>
			<DCC_F>false</DCC_F>
			<DCC_K>false</DCC_K>
		</PropertyGroup>
		<PropertyGroup Condition="'$(Cfg_1)'!=''">
			<DCC_LocalDebugSymbols>false</DCC_LocalDebugSymbols>
			<DCC_Define>RELEASE;$(DCC_Define)</DCC_Define>
			<DCC_SymbolReferenceInfo>0</DCC_SymbolReferenceInfo>
			<DCC_DebugInformation>false</DCC_DebugInformation>
		</PropertyGroup>
		<PropertyGroup Condition="'$(Cfg_2)'!=''">
			<DCC_Define>DEBUG;$(DCC_Define)</DCC_Define>
		</PropertyGroup>
		<ItemGroup>
			<DelphiCompile Include="ZTestAll.dpr">
				<MainSource>MainSource</MainSource>
			</DelphiCompile>
			<DCCReference Include="..\..\test\core\ZTestExpression.pas"/>
			<DCCReference Include="..\..\test\core\ZTestExprToken.pas"/>
			<DCCReference Include="..\..\test\core\ZTestFramework.pas"/>
			<DCCReference Include="..\..\test\core\ZTestList.pas"/>
			<DCCReference Include="..\..\test\core\ZTestSysUtils.pas"/>
			<DCCReference Include="..\..\test\core\ZTestTokenizer.pas"/>
			<DCCReference Include="..\..\test\core\ZTestVariant.pas"/>
			<DCCReference Include="..\..\test\parsesql\ZTestInterbaseToken.pas"/>
			<DCCReference Include="..\..\test\parsesql\ZTestMySqlToken.pas"/>
			<DCCReference Include="..\..\test\parsesql\ZTestOracleToken.pas"/>
			<DCCReference Include="..\..\test\parsesql\ZTestPostgreSqlToken.pas"/>
			<DCCReference Include="..\..\test\parsesql\ZTestScriptParser.pas"/>
			<DCCReference Include="..\..\test\parsesql\ZTestSqlAnalyser.pas"/>
			<DCCReference Include="..\..\test\parsesql\ZTestSqLiteToken.pas"/>
			<DCCReference Include="..\..\test\parsesql\ZTestSybaseToken.pas"/>
			<DCCReference Include="..\..\test\dbc\ZTestDbcADO.pas"/>
			<DCCReference Include="..\..\test\dbc\ZTestDbcASA.pas"/>
			<DCCReference Include="..\..\test\dbc\ZTestDbcASAMetadata.pas"/>
			<DCCReference Include="..\..\test\dbc\ZTestDbcCache.pas"/>
			<DCCReference Include="..\..\test\dbc\ZTestDbcCachedResultSet.pas"/>
			<DCCReference Include="..\..\test\dbc\ZTestDbcDriver.pas"/>
			<DCCReference Include="..\..\test\dbc\ZTestDbcGeneric.pas"/>
			<DCCReference Include="..\..\test\dbc\ZTestDbcInterbase.pas"/>
			<DCCReference Include="..\..\test\dbc\ZTestDbcInterbaseMetadata.pas"/>
			<DCCReference Include="..\..\test\dbc\ZTestDbcMetadata.pas"/>
			<DCCReference Include="..\..\test\dbc\ZTestDbcMsSql.pas"/>
			<DCCReference Include="..\..\test\dbc\ZTestDbcMySql.pas"/>
			<DCCReference Include="..\..\test\dbc\ZTestDbcMySqlMetadata.pas"/>
			<DCCReference Include="..\..\test\dbc\ZTestDbcODBc.pas"/>
			<DCCReference Include="..\..\test\dbc\ZTestDbcOracle.pas"/>
			<DCCReference Include="..\..\test\dbc\ZTestDbcPostgreSql.pas"/>
			<DCCReference Include="..\..\test\dbc\ZTestDbcPostgreSqlMetadata.pas"/>
			<DCCReference Include="..\..\test\dbc\ZTestDbcResolver.pas"/>
			<DCCReference Include="..\..\test\dbc\ZTestDbcResultSet.pas"/>
			<DCCReference Include="..\..\test\dbc\ZTestDbcResultSetMetadata.pas"/>
			<DCCReference Include="..\..\test\dbc\ZTestDbcSqLite.pas"/>
			<DCCReference Include="..\..\test\dbc\ZTestDbcURL.pas"/>
			<DCCReference Include="..\..\test\dbc\ZTestDbcUtils.pas"/>
			<DCCReference Include="..\..\test\component\ZTestConnection.pas"/>
			<DCCReference Include="..\..\test\component\ZTestDataSetGeneric.pas"/>
			<DCCReference Include="..\..\test\component\ZTestEvents.pas"/>
			<DCCReference Include="..\..\test\component\ZTestExecuteSql.pas"/>
			<DCCReference Include="..\..\test\component\ZTestMasterDetail.pas"/>
			<DCCReference Include="..\..\test\component\ZTestSorting.pas"/>
			<DCCReference Include="..\..\test\component\ZTestSqlMetadata.pas"/>
			<DCCReference Include="..\..\test\component\ZTestSqlProcessor.pas"/>
			<DCCReference Include="..\..\test\component\ZTestSqlStrings.pas"/>
			<DCCReference Include="..\..\test\component\ZTestSqlTypes.pas"/>
			<DCCReference Include="..\..\test\component\ZTestStoredProcedure.pas"/>
			<DCCReference Include="..\..\test\bugreport\ZTestBugCompADO.pas"/>
			<DCCReference Include="..\..\test\bugreport\ZTestBugCompASA.pas"/>
			<DCCReference Include="..\..\test\bugreport\ZTestBugCompCore.pas"/>
			<DCCReference Include="..\..\test\bugreport\ZTestBugCompDbLib.pas"/>
			<DCCReference Include="..\..\test\bugreport\ZTestBugCompInterbase.pas"/>
			<DCCReference Include="..\..\test\bugreport\ZTestBugCompMSSql.pas"/>
			<DCCReference Include="..\..\test\bugreport\ZTestBugCompMySql.pas"/>
			<DCCReference Include="..\..\test\bugreport\ZTestBugCompOracle.pas"/>
			<DCCReference Include="..\..\test\bugreport\ZTestBugCompPostgreSql.pas"/>
			<DCCReference Include="..\..\test\bugreport\ZTestBugCompSQLite.pas"/>
			<DCCReference Include="..\..\test\bugreport\ZTestBugDbcASA.pas"/>
			<DCCReference Include="..\..\test\bugreport\ZTestBugDbcCore.pas"/>
			<DCCReference Include="..\..\test\bugreport\ZTestBugDbcDbLib.pas"/>
			<DCCReference Include="..\..\test\bugreport\ZTestBugDbcInterbase.pas"/>
			<DCCReference Include="..\..\test\bugreport\ZTestBugDbcMSSQL.pas"/>
			<DCCReference Include="..\..\test\bugreport\ZTestBugDbcMySql.pas"/>
			<DCCReference Include="..\..\test\bugreport\ZTestBugDbcOracle.pas"/>
			<DCCReference Include="..\..\test\bugreport\ZTestBugDbcPostgreSql.pas"/>
			<DCCReference Include="..\..\test\performance\ZTestPerformance.pas"/>
			<BuildConfiguration Include="Base">
				<Key>Base</Key>
			</BuildConfiguration>
			<BuildConfiguration Include="Debug">
				<Key>Cfg_2</Key>
				<CfgParent>Base</CfgParent>
			</BuildConfiguration>
			<BuildConfiguration Include="Release">
				<Key>Cfg_1</Key>
				<CfgParent>Base</CfgParent>
			</BuildConfiguration>
		</ItemGroup>
		<Import Project="$(BDS)\Bin\CodeGear.Delphi.Targets" Condition="Exists('$(BDS)\Bin\CodeGear.Delphi.Targets')"/>
		<ProjectExtensions>
			<Borland.Personality>Delphi.Personality.12</Borland.Personality>
			<Borland.ProjectType>VCLApplication</Borland.ProjectType>
			<BorlandProject>
				<Delphi.Personality>
					<Source>
						<Source Name="MainSource">ZTestAll.dpr</Source>
					</Source>
					<Parameters>
						<Parameters Name="UseLauncher">False</Parameters>
						<Parameters Name="LoadAllSymbols">True</Parameters>
						<Parameters Name="LoadUnspecifiedSymbols">False</Parameters>
					</Parameters>
					<VersionInfo>
						<VersionInfo Name="IncludeVerInfo">False</VersionInfo>
						<VersionInfo Name="AutoIncBuild">False</VersionInfo>
						<VersionInfo Name="MajorVer">1</VersionInfo>
						<VersionInfo Name="MinorVer">0</VersionInfo>
						<VersionInfo Name="Release">0</VersionInfo>
						<VersionInfo Name="Build">0</VersionInfo>
						<VersionInfo Name="Debug">False</VersionInfo>
						<VersionInfo Name="PreRelease">False</VersionInfo>
						<VersionInfo Name="Special">False</VersionInfo>
						<VersionInfo Name="Private">False</VersionInfo>
						<VersionInfo Name="DLL">False</VersionInfo>
						<VersionInfo Name="Locale">2067</VersionInfo>
						<VersionInfo Name="CodePage">1252</VersionInfo>
					</VersionInfo>
					<VersionInfoKeys>
						<VersionInfoKeys Name="CompanyName"/>
						<VersionInfoKeys Name="FileDescription"/>
						<VersionInfoKeys Name="FileVersion">1.0.0.0</VersionInfoKeys>
						<VersionInfoKeys Name="InternalName"/>
						<VersionInfoKeys Name="LegalCopyright"/>
						<VersionInfoKeys Name="LegalTrademarks"/>
						<VersionInfoKeys Name="OriginalFilename"/>
						<VersionInfoKeys Name="ProductName"/>
						<VersionInfoKeys Name="ProductVersion">1.0.0.0</VersionInfoKeys>
						<VersionInfoKeys Name="Comments"/>
					</VersionInfoKeys>
				</Delphi.Personality>
			</BorlandProject>
			<ProjectFileVersion>12</ProjectFileVersion>
		</ProjectExtensions>
	</Project>
