<?xml version="1.0" encoding="UTF-8"?>
<CONFIG>
  <ProjectOptions>
    <Version Value="11"/>
    <PathDelim Value="\"/>
    <General>
      <Flags>
        <MainUnitHasCreateFormStatements Value="False"/>
        <MainUnitHasScaledStatement Value="False"/>
      </Flags>
      <SessionStorage Value="InProjectDir"/>
      <MainUnit Value="0"/>
      <Title Value="Zeos DBC Proxy Server"/>
      <UseAppBundle Value="False"/>
      <ResourceType Value="res"/>
    </General>
    <BuildModes Count="1">
      <Item1 Name="Default" Default="True"/>
    </BuildModes>
    <PublishOptions>
      <Version Value="2"/>
      <UseFileFilters Value="True"/>
    </PublishOptions>
    <RunParams>
      <FormatVersion Value="2"/>
      <Modes Count="0"/>
    </RunParams>
    <RequiredPackages Count="3">
      <Item1>
        <PackageName Value="wst_fcltransport"/>
      </Item1>
      <Item2>
        <PackageName Value="wst_core"/>
      </Item2>
      <Item3>
        <PackageName Value="sparta_generics"/>
      </Item3>
    </RequiredPackages>
    <Units Count="8">
      <Unit0>
        <Filename Value="ZDbcProxyServer.lpr"/>
        <IsPartOfProject Value="True"/>
      </Unit0>
      <Unit1>
        <Filename Value="..\zeosproxy_imp.pas"/>
        <IsPartOfProject Value="True"/>
      </Unit1>
      <Unit2>
        <Filename Value="..\zdbcproxymanagement.pas"/>
        <IsPartOfProject Value="True"/>
        <UnitName Value="ZDbcProxyManagement"/>
      </Unit2>
      <Unit3>
        <Filename Value="..\dbcproxyutils.pas"/>
        <IsPartOfProject Value="True"/>
        <UnitName Value="DbcProxyUtils"/>
      </Unit3>
      <Unit4>
        <Filename Value="..\dbcproxyconnectionmanager.pas"/>
        <IsPartOfProject Value="True"/>
        <UnitName Value="DbcProxyConnectionManager"/>
      </Unit4>
      <Unit5>
        <Filename Value="..\dbcproxyconfigmanager.pas"/>
        <IsPartOfProject Value="True"/>
        <UnitName Value="DbcProxyConfigManager"/>
      </Unit5>
      <Unit6>
        <Filename Value="..\dbcproxycleanupthread.pas"/>
        <IsPartOfProject Value="True"/>
      </Unit6>
      <Unit7>
        <Filename Value="..\dbcproxysecuritymodule.pas"/>
        <IsPartOfProject Value="True"/>
        <UnitName Value="DbcProxySecurityModule"/>
      </Unit7>
    </Units>
  </ProjectOptions>
  <CompilerOptions>
    <Version Value="11"/>
    <PathDelim Value="\"/>
    <Target>
      <Filename Value="ZDbcProxyServer"/>
    </Target>
    <SearchPaths>
      <IncludeFiles Value="$(ProjOutDir)"/>
      <OtherUnitFiles Value="..;..\..\wsdl;..\..\..\..\src\core;..\..\..\..\src\parsesql;..\..\..\..\src\plain;..\..\..\..\src\dbc"/>
      <UnitOutputDirectory Value="lib\$(TargetCPU)-$(TargetOS)"/>
    </SearchPaths>
    <Parsing>
      <SyntaxOptions>
        <SyntaxMode Value="DelphiUnicode"/>
      </SyntaxOptions>
    </Parsing>
    <CodeGeneration>
      <Checks>
        <IOChecks Value="True"/>
        <RangeChecks Value="True"/>
        <OverflowChecks Value="True"/>
        <StackChecks Value="True"/>
      </Checks>
      <VerifyObjMethodCallValidity Value="True"/>
    </CodeGeneration>
    <Other>
      <CustomOptions Value="-dUseCThreads"/>
    </Other>
  </CompilerOptions>
  <Debugging>
    <Exceptions Count="3">
      <Item1>
        <Name Value="EAbort"/>
      </Item1>
      <Item2>
        <Name Value="ECodetoolError"/>
      </Item2>
      <Item3>
        <Name Value="EFOpenError"/>
      </Item3>
    </Exceptions>
  </Debugging>
</CONFIG>
