<?xml version="1.0" encoding="UTF-8"?>
<CONFIG>
  <ProjectOptions>
    <Version Value="10"/>
    <General>
      <SessionStorage Value="InProjectDir"/>
      <MainUnit Value="0"/>
      <UseAppBundle Value="False"/>
      <UseXPManifest Value="True"/>
    </General>
    <BuildModes Count="1">
      <Item1 Name="default" Default="True"/>
    </BuildModes>
    <PublishOptions>
      <Version Value="2"/>
      <IgnoreBinaries Value="False"/>
      <IncludeFileFilter Value="*.(pas|pp|inc|lfm|lpr|lrs|lpi|lpk|sh|xml)"/>
      <ExcludeFileFilter Value="*.(bak|ppu|ppw|o|so);*~;backup"/>
    </PublishOptions>
    <RunParams>
      <local>
        <FormatVersion Value="1"/>
        <Display Value=""/>
      </local>
    </RunParams>
    <RequiredPackages Count="4">
      <Item1>
        <PackageName Value="FPCUnitTestRunner"/>
      </Item1>
      <Item2>
        <PackageName Value="LCL"/>
      </Item2>
      <Item3>
        <PackageName Value="FPCUnitConsoleRunner"/>
      </Item3>
      <Item4>
        <PackageName Value="FCL"/>
      </Item4>
    </RequiredPackages>
    <Units Count="69">
      <Unit0>
        <Filename Value="ztestall.lpr"/>
        <IsPartOfProject Value="True"/>
      </Unit0>
      <Unit1>
        <Filename Value="../../test/performance/ZTestPerformance.pas"/>
        <IsPartOfProject Value="True"/>
      </Unit1>
      <Unit2>
        <Filename Value="../../test/bugreport/ZTestBugCompCore.pas"/>
        <IsPartOfProject Value="True"/>
      </Unit2>
      <Unit3>
        <Filename Value="../../test/dbc/ZTestDbcGeneric.pas"/>
        <IsPartOfProject Value="True"/>
      </Unit3>
      <Unit4>
        <Filename Value="../../test/dbc/ZTestDbcInterbase.pas"/>
        <IsPartOfProject Value="True"/>
      </Unit4>
      <Unit5>
        <Filename Value="../../test/bugreport/ZTestBugCompPostgreSql.pas"/>
        <IsPartOfProject Value="True"/>
      </Unit5>
      <Unit6>
        <Filename Value="../../test/bugreport/ZTestBugCompInterbase.pas"/>
        <IsPartOfProject Value="True"/>
      </Unit6>
      <Unit7>
        <Filename Value="../../test/component/ZTestStoredProcedure.pas"/>
        <IsPartOfProject Value="True"/>
      </Unit7>
      <Unit8>
        <Filename Value="../../test/bugreport/ZTestBugCompDbLib.pas"/>
        <IsPartOfProject Value="True"/>
      </Unit8>
      <Unit9>
        <Filename Value="../../test/component/ZTestDataSetGeneric.pas"/>
        <IsPartOfProject Value="True"/>
      </Unit9>
      <Unit10>
        <Filename Value="../../test/component/ZTestMasterDetail.pas"/>
        <IsPartOfProject Value="True"/>
      </Unit10>
      <Unit11>
        <Filename Value="../../test/bugreport/ZTestBugDbcPostgreSql.pas"/>
        <IsPartOfProject Value="True"/>
      </Unit11>
      <Unit12>
        <Filename Value="../../test/bugreport/ZTestBugCompOracle.pas"/>
        <IsPartOfProject Value="True"/>
      </Unit12>
      <Unit13>
        <Filename Value="../../test/bugreport/ZTestBugCompSQLite.pas"/>
        <IsPartOfProject Value="True"/>
      </Unit13>
      <Unit14>
        <Filename Value="../../test/bugreport/ZTestBugCompMSSql.pas"/>
        <IsPartOfProject Value="True"/>
      </Unit14>
      <Unit15>
        <Filename Value="../../test/dbc/ZTestDbcCachedResultSet.pas"/>
        <IsPartOfProject Value="True"/>
      </Unit15>
      <Unit16>
        <Filename Value="../../test/core/ZTestSysUtils.pas"/>
        <IsPartOfProject Value="True"/>
      </Unit16>
      <Unit17>
        <Filename Value="../../test/core/ZTestExpression.pas"/>
        <IsPartOfProject Value="True"/>
      </Unit17>
      <Unit18>
        <Filename Value="../../test/core/ZTestExprToken.pas"/>
        <IsPartOfProject Value="True"/>
      </Unit18>
      <Unit19>
        <Filename Value="../../test/core/ZTestFramework.pas"/>
        <IsPartOfProject Value="True"/>
      </Unit19>
      <Unit20>
        <Filename Value="../../test/core/ZTestList.pas"/>
        <IsPartOfProject Value="True"/>
      </Unit20>
      <Unit21>
        <Filename Value="../../test/core/ZTestTokenizer.pas"/>
        <IsPartOfProject Value="True"/>
      </Unit21>
      <Unit22>
        <Filename Value="../../test/core/ZTestVariant.pas"/>
        <IsPartOfProject Value="True"/>
      </Unit22>
      <Unit23>
        <Filename Value="../../test/parsesql/ZTestInterbaseToken.pas"/>
        <IsPartOfProject Value="True"/>
      </Unit23>
      <Unit24>
        <Filename Value="../../test/parsesql/ZTestMySqlToken.pas"/>
        <IsPartOfProject Value="True"/>
      </Unit24>
      <Unit25>
        <Filename Value="../../test/parsesql/ZTestOracleToken.pas"/>
        <IsPartOfProject Value="True"/>
      </Unit25>
      <Unit26>
        <Filename Value="../../test/parsesql/ZTestPostgreSqlToken.pas"/>
        <IsPartOfProject Value="True"/>
      </Unit26>
      <Unit27>
        <Filename Value="../../test/parsesql/ZTestScriptParser.pas"/>
        <IsPartOfProject Value="True"/>
      </Unit27>
      <Unit28>
        <Filename Value="../../test/parsesql/ZTestSqlAnalyser.pas"/>
        <IsPartOfProject Value="True"/>
      </Unit28>
      <Unit29>
        <Filename Value="../../test/parsesql/ZTestSqLiteToken.pas"/>
        <IsPartOfProject Value="True"/>
      </Unit29>
      <Unit30>
        <Filename Value="../../test/parsesql/ZTestSybaseToken.pas"/>
        <IsPartOfProject Value="True"/>
      </Unit30>
      <Unit31>
        <Filename Value="../../test/dbc/ZTestDbcADO.pas"/>
        <IsPartOfProject Value="True"/>
      </Unit31>
      <Unit32>
        <Filename Value="../../test/dbc/ZTestDbcASA.pas"/>
        <IsPartOfProject Value="True"/>
      </Unit32>
      <Unit33>
        <Filename Value="../../test/dbc/ZTestDbcASAMetadata.pas"/>
        <IsPartOfProject Value="True"/>
      </Unit33>
      <Unit34>
        <Filename Value="../../test/dbc/ZTestDbcCache.pas"/>
        <IsPartOfProject Value="True"/>
      </Unit34>
      <Unit35>
        <Filename Value="../../test/dbc/ZTestDbcDriver.pas"/>
        <IsPartOfProject Value="True"/>
      </Unit35>
      <Unit36>
        <Filename Value="../../test/dbc/ZTestDbcInterbaseMetadata.pas"/>
        <IsPartOfProject Value="True"/>
      </Unit36>
      <Unit37>
        <Filename Value="../../test/dbc/ZTestDbcMetadata.pas"/>
        <IsPartOfProject Value="True"/>
      </Unit37>
      <Unit38>
        <Filename Value="../../test/dbc/ZTestDbcMsSql.pas"/>
        <IsPartOfProject Value="True"/>
      </Unit38>
      <Unit39>
        <Filename Value="../../test/dbc/ZTestDbcMySql.pas"/>
        <IsPartOfProject Value="True"/>
      </Unit39>
      <Unit40>
        <Filename Value="../../test/dbc/ZTestDbcMySqlMetadata.pas"/>
        <IsPartOfProject Value="True"/>
      </Unit40>
      <Unit41>
        <Filename Value="../../test/dbc/ZTestDbcODBc.pas"/>
        <IsPartOfProject Value="True"/>
      </Unit41>
      <Unit42>
        <Filename Value="../../test/dbc/ZTestDbcOracle.pas"/>
        <IsPartOfProject Value="True"/>
      </Unit42>
      <Unit43>
        <Filename Value="../../test/dbc/ZTestDbcPostgreSql.pas"/>
        <IsPartOfProject Value="True"/>
      </Unit43>
      <Unit44>
        <Filename Value="../../test/dbc/ZTestDbcPostgreSqlMetadata.pas"/>
        <IsPartOfProject Value="True"/>
      </Unit44>
      <Unit45>
        <Filename Value="../../test/dbc/ZTestDbcResolver.pas"/>
        <IsPartOfProject Value="True"/>
      </Unit45>
      <Unit46>
        <Filename Value="../../test/dbc/ZTestDbcResultSet.pas"/>
        <IsPartOfProject Value="True"/>
      </Unit46>
      <Unit47>
        <Filename Value="../../test/dbc/ZTestDbcResultSetMetadata.pas"/>
        <IsPartOfProject Value="True"/>
      </Unit47>
      <Unit48>
        <Filename Value="../../test/dbc/ZTestDbcSqLite.pas"/>
        <IsPartOfProject Value="True"/>
      </Unit48>
      <Unit49>
        <Filename Value="../../test/dbc/ZTestDbcURL.pas"/>
        <IsPartOfProject Value="True"/>
      </Unit49>
      <Unit50>
        <Filename Value="../../test/dbc/ZTestDbcUtils.pas"/>
        <IsPartOfProject Value="True"/>
      </Unit50>
      <Unit51>
        <Filename Value="../../test/component/ZTestConnection.pas"/>
        <IsPartOfProject Value="True"/>
      </Unit51>
      <Unit52>
        <Filename Value="../../test/component/ZTestEvents.pas"/>
        <IsPartOfProject Value="True"/>
      </Unit52>
      <Unit53>
        <Filename Value="../../test/component/ZTestExecuteSql.pas"/>
        <IsPartOfProject Value="True"/>
      </Unit53>
      <Unit54>
        <Filename Value="../../test/component/ZTestSorting.pas"/>
        <IsPartOfProject Value="True"/>
      </Unit54>
      <Unit55>
        <Filename Value="../../test/component/ZTestSqlMetadata.pas"/>
        <IsPartOfProject Value="True"/>
      </Unit55>
      <Unit56>
        <Filename Value="../../test/component/ZTestSqlProcessor.pas"/>
        <IsPartOfProject Value="True"/>
      </Unit56>
      <Unit57>
        <Filename Value="../../test/component/ZTestSqlStrings.pas"/>
        <IsPartOfProject Value="True"/>
      </Unit57>
      <Unit58>
        <Filename Value="../../test/component/ZTestSqlTypes.pas"/>
        <IsPartOfProject Value="True"/>
      </Unit58>
      <Unit59>
        <Filename Value="../../test/bugreport/ZTestBugCompADO.pas"/>
        <IsPartOfProject Value="True"/>
      </Unit59>
      <Unit60>
        <Filename Value="../../test/bugreport/ZTestBugCompASA.pas"/>
        <IsPartOfProject Value="True"/>
      </Unit60>
      <Unit61>
        <Filename Value="../../test/bugreport/ZTestBugCompMySql.pas"/>
        <IsPartOfProject Value="True"/>
      </Unit61>
      <Unit62>
        <Filename Value="../../test/bugreport/ZTestBugDbcASA.pas"/>
        <IsPartOfProject Value="True"/>
      </Unit62>
      <Unit63>
        <Filename Value="../../test/bugreport/ZTestBugDbcCore.pas"/>
        <IsPartOfProject Value="True"/>
      </Unit63>
      <Unit64>
        <Filename Value="../../test/bugreport/ZTestBugDbcDbLib.pas"/>
        <IsPartOfProject Value="True"/>
      </Unit64>
      <Unit65>
        <Filename Value="../../test/bugreport/ZTestBugDbcInterbase.pas"/>
        <IsPartOfProject Value="True"/>
      </Unit65>
      <Unit66>
        <Filename Value="../../test/bugreport/ZTestBugDbcMSSQL.pas"/>
        <IsPartOfProject Value="True"/>
      </Unit66>
      <Unit67>
        <Filename Value="../../test/bugreport/ZTestBugDbcMySql.pas"/>
        <IsPartOfProject Value="True"/>
      </Unit67>
      <Unit68>
        <Filename Value="../../test/bugreport/ZTestBugDbcOracle.pas"/>
        <IsPartOfProject Value="True"/>
      </Unit68>
    </Units>
  </ProjectOptions>
  <CompilerOptions>
    <Version Value="11"/>
    <SearchPaths>
      <IncludeFiles Value="$(ProjOutDir)"/>
      <OtherUnitFiles Value="../../src/core;../../src/parsesql;../../src/plain;../../src/dbc;../../src/component;../../test/framework;../../test/core;../../test/parsesql;../../test/plain;../../test/dbc;../../test/component;../../test/bugreport;../../test/performance"/>
      <UnitOutputDirectory Value="build"/>
    </SearchPaths>
    <Parsing>
      <SyntaxOptions>
        <SyntaxMode Value="fpc"/>
        <IncludeAssertionCode Value="True"/>
        <UseAnsiStrings Value="False"/>
      </SyntaxOptions>
    </Parsing>
    <CodeGeneration>
      <Checks>
        <IOChecks Value="True"/>
        <RangeChecks Value="True"/>
        <OverflowChecks Value="True"/>
        <StackChecks Value="True"/>
      </Checks>
    </CodeGeneration>
    <Linking>
      <Debugging>
        <UseHeaptrc Value="True"/>
      </Debugging>
    </Linking>
    <Other>
      <Verbosity>
        <ShoLineNum Value="True"/>
        <ShowDebugInfo Value="True"/>
        <ShowCond Value="True"/>
        <ShowHintsForSenderNotUsed Value="True"/>
      </Verbosity>
      <WriteFPCLogo Value="False"/>
    </Other>
  </CompilerOptions>
  <Debugging>
    <Exceptions Count="12" IgnoreAll="True">
      <Item1>
        <Name Value="EAbort"/>
      </Item1>
      <Item2>
        <Name Value="ECodetoolError"/>
      </Item2>
      <Item3>
        <Name Value="EFOpenError"/>
      </Item3>
      <Item4>
        <Name Value="EZVariantException"/>
      </Item4>
      <Item5>
        <Name Value="TZExpressionError"/>
      </Item5>
      <Item6>
        <Name Value="EAssertionFailedError"/>
      </Item6>
      <Item7>
        <Name Value="EConvertError"/>
      </Item7>
      <Item8>
        <Name Value="EZDatabaseError"/>
      </Item8>
      <Item9>
        <Name Value="EZSQLException"/>
      </Item9>
      <Item10>
        <Name Value="EVariantError"/>
      </Item10>
      <Item11>
        <Name Value="Exception"/>
      </Item11>
      <Item12>
        <Name Value="EDatabaseError"/>
      </Item12>
    </Exceptions>
  </Debugging>
</CONFIG>
