<?xml version="1.0"?>
<CONFIG>
  <ProjectOptions>
    <PathDelim Value="\"/>
    <Version Value="7"/>
    <General>
      <MainUnit Value="0"/>
      <TargetFileExt Value=".exe"/>
      <UseXPManifest Value="True"/>
      <ActiveEditorIndexAtStart Value="0"/>
    </General>
    <VersionInfo>
      <ProjectVersion Value=""/>
      <Language Value=""/>
      <CharSet Value=""/>
    </VersionInfo>
    <PublishOptions>
      <Version Value="2"/>
      <IgnoreBinaries Value="False"/>
      <IncludeFileFilter Value="*.(pas|pp|inc|lfm|lpr|lrs|lpi|lpk|sh|xml)"/>
      <ExcludeFileFilter Value="*.(bak|ppu|ppw|o|so);*~;backup"/>
    </PublishOptions>
    <RunParams>
      <local>
        <FormatVersion Value="1"/>
        <CommandLineParams Value="-p -a --format=plain"/>
        <LaunchingApplication PathPlusParams="/usr/X11R6/bin/xterm -T 'Lazarus Run Output' -e $(LazarusDir)/tools/runwait.sh $(TargetCmdLine)"/>
      </local>
    </RunParams>
    <RequiredPackages Count="2">
      <Item1>
        <PackageName Value="FPCUnitConsoleRunner"/>
      </Item1>
      <Item2>
        <PackageName Value="FCL"/>
      </Item2>
    </RequiredPackages>
    <Units Count="15">
      <Unit0>
        <Filename Value="ztestcoreall.lpr"/>
        <IsPartOfProject Value="True"/>
        <UnitName Value="ztestcoreall"/>
        <CursorPos X="76" Y="6"/>
        <TopLine Value="1"/>
        <EditorIndex Value="0"/>
        <UsageCount Value="22"/>
        <Loaded Value="True"/>
      </Unit0>
      <Unit1>
        <Filename Value="consoletestrunner.pas"/>
        <UnitName Value="consoletestrunner"/>
        <CursorPos X="1" Y="268"/>
        <TopLine Value="251"/>
        <UsageCount Value="10"/>
      </Unit1>
      <Unit2>
        <Filename Value="..\..\test\core\ZTestSysUtils.pas"/>
        <UnitName Value="ZTestSysUtils"/>
        <CursorPos X="58" Y="60"/>
        <TopLine Value="42"/>
        <UsageCount Value="11"/>
      </Unit2>
      <Unit3>
        <Filename Value="..\..\test\framework\ZTestCase.pas"/>
        <UnitName Value="ZTestCase"/>
        <CursorPos X="1" Y="124"/>
        <TopLine Value="91"/>
        <UsageCount Value="11"/>
      </Unit3>
      <Unit4>
        <Filename Value="..\..\test\framework\ZSqlTestCase.pas"/>
        <UnitName Value="ZSqlTestCase"/>
        <CursorPos X="3" Y="107"/>
        <TopLine Value="107"/>
        <UsageCount Value="11"/>
      </Unit4>
      <Unit5>
        <Filename Value="..\..\src\core\ZClasses.pas"/>
        <UnitName Value="ZClasses"/>
        <CursorPos X="1" Y="1"/>
        <TopLine Value="37"/>
        <UsageCount Value="10"/>
      </Unit5>
      <Unit6>
        <Filename Value="..\..\src\core\ZTokenizer.pas"/>
        <UnitName Value="ZTokenizer"/>
        <CursorPos X="1" Y="1"/>
        <TopLine Value="1"/>
        <UsageCount Value="11"/>
      </Unit6>
      <Unit7>
        <Filename Value="..\..\src\core\ZVariant.pas"/>
        <UnitName Value="ZVariant"/>
        <CursorPos X="1" Y="1"/>
        <TopLine Value="1"/>
        <UsageCount Value="11"/>
      </Unit7>
      <Unit8>
        <Filename Value="..\..\test\core\ZTestVariant.pas"/>
        <UnitName Value="ZTestVariant"/>
        <CursorPos X="38" Y="279"/>
        <TopLine Value="247"/>
        <UsageCount Value="10"/>
      </Unit8>
      <Unit9>
        <Filename Value="..\..\test\core\ZTestTokenizer.pas"/>
        <UnitName Value="ZTestTokenizer"/>
        <CursorPos X="38" Y="295"/>
        <TopLine Value="264"/>
        <EditorIndex Value="2"/>
        <UsageCount Value="10"/>
        <Loaded Value="True"/>
      </Unit9>
      <Unit10>
        <Filename Value="..\..\test\core\ZTestList.pas"/>
        <UnitName Value="ZTestList"/>
        <CursorPos X="58" Y="60"/>
        <TopLine Value="30"/>
        <EditorIndex Value="1"/>
        <UsageCount Value="10"/>
        <Loaded Value="True"/>
      </Unit10>
      <Unit11>
        <Filename Value="..\..\test\core\ZTestFramework.pas"/>
        <UnitName Value="ZTestFramework"/>
        <CursorPos X="38" Y="196"/>
        <TopLine Value="164"/>
        <UsageCount Value="10"/>
      </Unit11>
      <Unit12>
        <Filename Value="..\..\test\core\ZTestExprToken.pas"/>
        <UnitName Value="ZTestExprToken"/>
        <CursorPos X="58" Y="60"/>
        <TopLine Value="43"/>
        <UsageCount Value="10"/>
      </Unit12>
      <Unit13>
        <Filename Value="..\..\test\core\ZTestExpression.pas"/>
        <UnitName Value="ZTestExpression"/>
        <CursorPos X="38" Y="383"/>
        <TopLine Value="351"/>
        <UsageCount Value="10"/>
      </Unit13>
      <Unit14>
        <Filename Value="..\..\test\core\ZTestURL.pas"/>
        <IsPartOfProject Value="True"/>
        <UnitName Value="ZTestURL"/>
        <CursorPos X="67" Y="74"/>
        <TopLine Value="90"/>
        <UsageCount Value="20"/>
      </Unit14>
    </Units>
    <JumpHistory Count="9" HistoryIndex="8">
      <Position1>
        <Filename Value="ztestcoreall.lpr"/>
        <Caret Line="6" Column="31" TopLine="1"/>
      </Position1>
      <Position2>
        <Filename Value="ztestcoreall.lpr"/>
        <Caret Line="21" Column="33" TopLine="1"/>
      </Position2>
      <Position3>
        <Filename Value="ztestcoreall.lpr"/>
        <Caret Line="6" Column="61" TopLine="1"/>
      </Position3>
      <Position4>
        <Filename Value="..\..\test\core\ZTestTokenizer.pas"/>
        <Caret Line="1" Column="1" TopLine="1"/>
      </Position4>
      <Position5>
        <Filename Value="..\..\test\core\ZTestTokenizer.pas"/>
        <Caret Line="61" Column="55" TopLine="43"/>
      </Position5>
      <Position6>
        <Filename Value="..\..\test\core\ZTestTokenizer.pas"/>
        <Caret Line="295" Column="38" TopLine="264"/>
      </Position6>
      <Position7>
        <Filename Value="..\..\test\core\ZTestList.pas"/>
        <Caret Line="1" Column="1" TopLine="1"/>
      </Position7>
      <Position8>
        <Filename Value="..\..\test\core\ZTestList.pas"/>
        <Caret Line="60" Column="58" TopLine="30"/>
      </Position8>
      <Position9>
        <Filename Value="ztestcoreall.lpr"/>
        <Caret Line="7" Column="71" TopLine="1"/>
      </Position9>
    </JumpHistory>
  </ProjectOptions>
  <CompilerOptions>
    <Version Value="8"/>
    <PathDelim Value="\"/>
    <SearchPaths>
      <IncludeFiles Value="$(ProjOutDir)\"/>
      <OtherUnitFiles Value="..\..\test\core\;..\..\test\framework\;..\..\src\core\;..\..\src\parsesql\;..\..\src\plain\;..\..\src\dbc\;..\..\src\component\"/>
      <UnitOutputDirectory Value="build"/>
    </SearchPaths>
    <Other>
      <CompilerPath Value="$(CompPath)"/>
    </Other>
  </CompilerOptions>
  <Debugging>
    <BreakPoints Count="1">
      <Item1>
        <Source Value="ztestcoreall.lpr"/>
        <Line Value="28"/>
      </Item1>
    </BreakPoints>
    <Exceptions Count="7">
      <Item1>
        <Name Value="EAbort"/>
      </Item1>
      <Item2>
        <Name Value="ECodetoolError"/>
      </Item2>
      <Item3>
        <Name Value="EFOpenError"/>
      </Item3>
      <Item4>
        <Name Value="Unknown"/>
      </Item4>
      <Item5>
        <Name Value="TZExpressionError"/>
      </Item5>
      <Item6>
        <Name Value="EAssertionFailedError"/>
      </Item6>
      <Item7>
        <Name Value="EZVariantException"/>
      </Item7>
    </Exceptions>
  </Debugging>
</CONFIG>
