<?xml version="1.0" encoding="utf-8"?>
<Project xmlns="http://schemas.microsoft.com/developer/msbuild/2003">
  <PropertyGroup>
    <ProjectGuid>{8523014c-6fb1-4bfb-bace-4ed82feb19b0}</ProjectGuid>
    <MainSource>ZTestAll.dpr</MainSource>
    <Configuration Condition=" '$(Configuration)' == '' ">Debug</Configuration>
    <Platform Condition=" '$(Platform)' == '' ">AnyCPU</Platform>
    <DCC_DCCCompiler>DCC32</DCC_DCCCompiler>
    <DCC_DependencyCheckOutputName>build\ZTestAll.exe</DCC_DependencyCheckOutputName>
  </PropertyGroup>
  <PropertyGroup Condition=" '$(Configuration)|$(Platform)' == 'Release|AnyCPU' ">
    <Version>7.0</Version>
    <DCC_DebugInformation>False</DCC_DebugInformation>
    <DCC_LocalDebugSymbols>False</DCC_LocalDebugSymbols>
    <DCC_SymbolReferenceInfo>0</DCC_SymbolReferenceInfo>
    <DCC_ExeOutput>build</DCC_ExeOutput>
    <DCC_DcuOutput>build</DCC_DcuOutput>
    <DCC_ObjOutput>build</DCC_ObjOutput>
    <DCC_HppOutput>build</DCC_HppOutput>
    <DCC_DcpOutput>build</DCC_DcpOutput>
    <DCC_UnitSearchPath>build;..\..\test\external</DCC_UnitSearchPath>
    <DCC_ResourcePath>build;..\..\test\external</DCC_ResourcePath>
    <DCC_ObjPath>build;..\..\test\external</DCC_ObjPath>
    <DCC_IncludePath>build;..\..\test\external</DCC_IncludePath>
    <DCC_Define>RELEASE</DCC_Define>
  </PropertyGroup>
  <PropertyGroup Condition=" '$(Configuration)|$(Platform)' == 'Debug|AnyCPU' ">
    <Version>7.0</Version>
    <DCC_ExeOutput>build</DCC_ExeOutput>
    <DCC_DcuOutput>build</DCC_DcuOutput>
    <DCC_ObjOutput>build</DCC_ObjOutput>
    <DCC_HppOutput>build</DCC_HppOutput>
    <DCC_DcpOutput>build</DCC_DcpOutput>
    <DCC_UnitSearchPath>build;..\..\test\framework;..\..\test\core;..\..\test\parsesql;..\..\test\dbc;..\..\test\component;..\..\test\bugreport;..\..\test\external;..\..\test\performance</DCC_UnitSearchPath>
    <DCC_ResourcePath>build;..\..\test\framework;..\..\test\core;..\..\test\parsesql;..\..\test\dbc;..\..\test\component;..\..\test\bugreport;..\..\test\external;..\..\test\performance</DCC_ResourcePath>
    <DCC_ObjPath>build;..\..\test\framework;..\..\test\core;..\..\test\parsesql;..\..\test\dbc;..\..\test\component;..\..\test\bugreport;..\..\test\external;..\..\test\performance</DCC_ObjPath>
    <DCC_IncludePath>build;..\..\test\framework;..\..\test\core;..\..\test\parsesql;..\..\test\dbc;..\..\test\component;..\..\test\bugreport;..\..\test\external;..\..\test\performance</DCC_IncludePath>
    <DCC_Define>DEBUG</DCC_Define>
  </PropertyGroup>
  <ProjectExtensions>
    <Borland.Personality>Delphi.Personality</Borland.Personality>
    <Borland.ProjectType>VCLApplication</Borland.ProjectType>
    <BorlandProject>
<BorlandProject><Delphi.Personality><Parameters><Parameters Name="UseLauncher">False</Parameters><Parameters Name="LoadAllSymbols">True</Parameters><Parameters Name="LoadUnspecifiedSymbols">False</Parameters></Parameters><VersionInfo><VersionInfo Name="IncludeVerInfo">False</VersionInfo><VersionInfo Name="AutoIncBuild">False</VersionInfo><VersionInfo Name="MajorVer">1</VersionInfo><VersionInfo Name="MinorVer">0</VersionInfo><VersionInfo Name="Release">0</VersionInfo><VersionInfo Name="Build">0</VersionInfo><VersionInfo Name="Debug">False</VersionInfo><VersionInfo Name="PreRelease">False</VersionInfo><VersionInfo Name="Special">False</VersionInfo><VersionInfo Name="Private">False</VersionInfo><VersionInfo Name="DLL">False</VersionInfo><VersionInfo Name="Locale">2067</VersionInfo><VersionInfo Name="CodePage">1252</VersionInfo></VersionInfo><VersionInfoKeys><VersionInfoKeys Name="CompanyName"></VersionInfoKeys><VersionInfoKeys Name="FileDescription"></VersionInfoKeys><VersionInfoKeys Name="FileVersion">1.0.0.0</VersionInfoKeys><VersionInfoKeys Name="InternalName"></VersionInfoKeys><VersionInfoKeys Name="LegalCopyright"></VersionInfoKeys><VersionInfoKeys Name="LegalTrademarks"></VersionInfoKeys><VersionInfoKeys Name="OriginalFilename"></VersionInfoKeys><VersionInfoKeys Name="ProductName"></VersionInfoKeys><VersionInfoKeys Name="ProductVersion">1.0.0.0</VersionInfoKeys><VersionInfoKeys Name="Comments"></VersionInfoKeys></VersionInfoKeys><Source><Source Name="MainSource">ZTestAll.dpr</Source></Source></Delphi.Personality></BorlandProject></BorlandProject>
  </ProjectExtensions>
  <Import Project="$(MSBuildBinPath)\Borland.Delphi.Targets" />
  <ItemGroup>
    <DelphiCompile Include="ZTestAll.dpr">
      <MainSource>MainSource</MainSource>
    </DelphiCompile>
    <DCCReference Include="..\..\test\core\ZTestExpression.pas"/>
	<DCCReference Include="..\..\test\core\ZTestExprToken.pas"/>
	<DCCReference Include="..\..\test\core\ZTestFramework.pas"/>
	<DCCReference Include="..\..\test\core\ZTestList.pas"/>
	<DCCReference Include="..\..\test\core\ZTestSysUtils.pas"/>
	<DCCReference Include="..\..\test\core\ZTestTokenizer.pas"/>
	<DCCReference Include="..\..\test\core\ZTestVariant.pas"/>
	<DCCReference Include="..\..\test\parsesql\ZTestInterbaseToken.pas"/>
	<DCCReference Include="..\..\test\parsesql\ZTestMySqlToken.pas"/>
	<DCCReference Include="..\..\test\parsesql\ZTestOracleToken.pas"/>
	<DCCReference Include="..\..\test\parsesql\ZTestPostgreSqlToken.pas"/>
	<DCCReference Include="..\..\test\parsesql\ZTestScriptParser.pas"/>
	<DCCReference Include="..\..\test\parsesql\ZTestSqlAnalyser.pas"/>
	<DCCReference Include="..\..\test\parsesql\ZTestSqLiteToken.pas"/>
	<DCCReference Include="..\..\test\parsesql\ZTestSybaseToken.pas"/>
	<DCCReference Include="..\..\test\dbc\ZTestDbcADO.pas"/>
	<DCCReference Include="..\..\test\dbc\ZTestDbcASA.pas"/>
	<DCCReference Include="..\..\test\dbc\ZTestDbcASAMetadata.pas"/>
	<DCCReference Include="..\..\test\dbc\ZTestDbcCache.pas"/>
	<DCCReference Include="..\..\test\dbc\ZTestDbcCachedResultSet.pas"/>
	<DCCReference Include="..\..\test\dbc\ZTestDbcDriver.pas"/>
	<DCCReference Include="..\..\test\dbc\ZTestDbcGeneric.pas"/>
	<DCCReference Include="..\..\test\dbc\ZTestDbcInterbase.pas"/>
	<DCCReference Include="..\..\test\dbc\ZTestDbcInterbaseMetadata.pas"/>
	<DCCReference Include="..\..\test\dbc\ZTestDbcMetadata.pas"/>
	<DCCReference Include="..\..\test\dbc\ZTestDbcMsSql.pas"/>
	<DCCReference Include="..\..\test\dbc\ZTestDbcMySql.pas"/>
	<DCCReference Include="..\..\test\dbc\ZTestDbcMySqlMetadata.pas"/>
	<DCCReference Include="..\..\test\dbc\ZTestDbcODBc.pas"/>
	<DCCReference Include="..\..\test\dbc\ZTestDbcOracle.pas"/>
	<DCCReference Include="..\..\test\dbc\ZTestDbcPostgreSql.pas"/>
	<DCCReference Include="..\..\test\dbc\ZTestDbcPostgreSqlMetadata.pas"/>
	<DCCReference Include="..\..\test\dbc\ZTestDbcResolver.pas"/>
	<DCCReference Include="..\..\test\dbc\ZTestDbcResultSet.pas"/>
	<DCCReference Include="..\..\test\dbc\ZTestDbcResultSetMetadata.pas"/>
	<DCCReference Include="..\..\test\dbc\ZTestDbcSqLite.pas"/>
	<DCCReference Include="..\..\test\dbc\ZTestDbcURL.pas"/>
	<DCCReference Include="..\..\test\dbc\ZTestDbcUtils.pas"/>
	<DCCReference Include="..\..\test\component\ZTestConnection.pas"/>
	<DCCReference Include="..\..\test\component\ZTestDataSetGeneric.pas"/>
	<DCCReference Include="..\..\test\component\ZTestEvents.pas"/>
	<DCCReference Include="..\..\test\component\ZTestExecuteSql.pas"/>
	<DCCReference Include="..\..\test\component\ZTestMasterDetail.pas"/>
	<DCCReference Include="..\..\test\component\ZTestSorting.pas"/>
	<DCCReference Include="..\..\test\component\ZTestSqlMetadata.pas"/>
	<DCCReference Include="..\..\test\component\ZTestSqlProcessor.pas"/>
	<DCCReference Include="..\..\test\component\ZTestSqlStrings.pas"/>
	<DCCReference Include="..\..\test\component\ZTestSqlTypes.pas"/>
	<DCCReference Include="..\..\test\component\ZTestStoredProcedure.pas"/>
	<DCCReference Include="..\..\test\bugreport\ZTestBugCompADO.pas"/>
	<DCCReference Include="..\..\test\bugreport\ZTestBugCompASA.pas"/>
	<DCCReference Include="..\..\test\bugreport\ZTestBugCompCore.pas"/>
	<DCCReference Include="..\..\test\bugreport\ZTestBugCompDbLib.pas"/>
	<DCCReference Include="..\..\test\bugreport\ZTestBugCompInterbase.pas"/>
	<DCCReference Include="..\..\test\bugreport\ZTestBugCompMSSql.pas"/>
	<DCCReference Include="..\..\test\bugreport\ZTestBugCompMySql.pas"/>
	<DCCReference Include="..\..\test\bugreport\ZTestBugCompOracle.pas"/>
	<DCCReference Include="..\..\test\bugreport\ZTestBugCompPostgreSql.pas"/>
	<DCCReference Include="..\..\test\bugreport\ZTestBugCompSQLite.pas"/>
	<DCCReference Include="..\..\test\bugreport\ZTestBugDbcASA.pas"/>
	<DCCReference Include="..\..\test\bugreport\ZTestBugDbcCore.pas"/>
	<DCCReference Include="..\..\test\bugreport\ZTestBugDbcDbLib.pas"/>
	<DCCReference Include="..\..\test\bugreport\ZTestBugDbcInterbase.pas"/>
	<DCCReference Include="..\..\test\bugreport\ZTestBugDbcMSSQL.pas"/>
	<DCCReference Include="..\..\test\bugreport\ZTestBugDbcMySql.pas"/>
	<DCCReference Include="..\..\test\bugreport\ZTestBugDbcOracle.pas"/>
	<DCCReference Include="..\..\test\bugreport\ZTestBugDbcPostgreSql.pas"/>
	<DCCReference Include="..\..\test\performance\ZTestPerformance.pas"/>
  </ItemGroup>
</Project>