<?xml version="1.0"?>
<CONFIG>
  <ProjectOptions>
    <Version Value="9"/>
    <PathDelim Value="\"/>
    <General>
      <Flags>
        <MainUnitHasUsesSectionForAllUnits Value="False"/>
        <MainUnitHasCreateFormStatements Value="False"/>
        <MainUnitHasTitleStatement Value="False"/>
      </Flags>
      <MainUnit Value="0"/>
      <Title Value="Zeos Bug Template"/>
      <ResourceType Value="res"/>
      <UseXPManifest Value="True"/>
      <Icon Value="0"/>
      <ActiveWindowIndexAtStart Value="0"/>
    </General>
    <i18n>
      <EnableI18N LFM="False"/>
    </i18n>
    <VersionInfo>
      <StringTable ProductVersion=""/>
    </VersionInfo>
    <BuildModes Count="1" Active="Default">
      <Item1 Name="Default" Default="True"/>
    </BuildModes>
    <PublishOptions>
      <Version Value="2"/>
      <IncludeFileFilter Value="*.(pas|pp|inc|lfm|lpr|lrs|lpi|lpk|sh|xml)"/>
      <ExcludeFileFilter Value="*.(bak|ppu|o|so);*~;backup"/>
    </PublishOptions>
    <RunParams>
      <local>
        <FormatVersion Value="1"/>
      </local>
    </RunParams>
    <RequiredPackages Count="2">
      <Item1>
        <PackageName Value="zcomponent"/>
      </Item1>
      <Item2>
        <PackageName Value="LCL"/>
      </Item2>
    </RequiredPackages>
    <Units Count="3">
      <Unit0>
        <Filename Value="ZeosBugTemplate.dpr"/>
        <IsPartOfProject Value="True"/>
        <IsVisibleTab Value="True"/>
        <EditorIndex Value="0"/>
        <WindowIndex Value="0"/>
        <TopLine Value="1"/>
        <CursorPos X="17" Y="16"/>
        <UsageCount Value="21"/>
        <Loaded Value="True"/>
        <DefaultSyntaxHighlighter Value="Delphi"/>
      </Unit0>
      <Unit1>
        <Filename Value="uBugTemplate.pas"/>
        <IsPartOfProject Value="True"/>
        <ComponentName Value="frmBugTemplate"/>
        <HasResources Value="True"/>
        <ResourceBaseClass Value="Form"/>
        <UnitName Value="uBugTemplate"/>
        <EditorIndex Value="1"/>
        <WindowIndex Value="0"/>
        <TopLine Value="60"/>
        <CursorPos X="23" Y="60"/>
        <UsageCount Value="21"/>
        <Loaded Value="True"/>
        <LoadedDesigner Value="True"/>
        <DefaultSyntaxHighlighter Value="Delphi"/>
      </Unit1>
      <Unit2>
        <Filename Value="uBugTemplate.lfm"/>
        <WindowIndex Value="0"/>
        <TopLine Value="15"/>
        <CursorPos X="55" Y="23"/>
        <UsageCount Value="10"/>
        <DefaultSyntaxHighlighter Value="LFM"/>
      </Unit2>
    </Units>
    <JumpHistory Count="9" HistoryIndex="8">
      <Position1>
        <Filename Value="ZeosBugTemplate.dpr"/>
        <Caret Line="4" Column="6" TopLine="1"/>
      </Position1>
      <Position2>
        <Filename Value="uBugTemplate.pas"/>
        <Caret Line="89" Column="30" TopLine="79"/>
      </Position2>
      <Position3>
        <Filename Value="uBugTemplate.pas"/>
        <Caret Line="58" Column="32" TopLine="46"/>
      </Position3>
      <Position4>
        <Filename Value="uBugTemplate.pas"/>
        <Caret Line="154" Column="34" TopLine="151"/>
      </Position4>
      <Position5>
        <Filename Value="uBugTemplate.pas"/>
        <Caret Line="72" Column="32" TopLine="54"/>
      </Position5>
      <Position6>
        <Filename Value="uBugTemplate.pas"/>
        <Caret Line="57" Column="38" TopLine="37"/>
      </Position6>
      <Position7>
        <Filename Value="uBugTemplate.pas"/>
        <Caret Line="75" Column="45" TopLine="56"/>
      </Position7>
      <Position8>
        <Filename Value="uBugTemplate.pas"/>
        <Caret Line="64" Column="52" TopLine="55"/>
      </Position8>
      <Position9>
        <Filename Value="uBugTemplate.pas"/>
        <Caret Line="63" Column="52" TopLine="54"/>
      </Position9>
    </JumpHistory>
  </ProjectOptions>
  <CompilerOptions>
    <Version Value="10"/>
    <PathDelim Value="\"/>
    <Target>
      <Filename Value="..\bin\ZeosBugTemplate.exe"/>
    </Target>
    <SearchPaths>
      <IncludeFiles Value="$(ProjOutDir)"/>
      <Libraries Value="C:\Temp\zeos-testing\src\component\;C:\Temp\zeos-testing\src\core\;C:\Temp\zeos-testing\src\dbc\;C:\Temp\zeos-testing\src\parsesql\;C:\Temp\zeos-testing\src\plain\"/>
      <UnitOutputDirectory Value="..\dcu"/>
    </SearchPaths>
    <Parsing>
      <SyntaxOptions>
        <SyntaxMode Value="Delphi"/>
      </SyntaxOptions>
    </Parsing>
    <Other>
      <CompilerMessages>
        <UseMsgFile Value="True"/>
      </CompilerMessages>
      <CompilerPath Value="$(CompPath)"/>
    </Other>
  </CompilerOptions>
  <Debugging>
    <Exceptions Count="3">
      <Item1>
        <Name Value="EAbort"/>
      </Item1>
      <Item2>
        <Name Value="ECodetoolError"/>
      </Item2>
      <Item3>
        <Name Value="EFOpenError"/>
      </Item3>
    </Exceptions>
  </Debugging>
</CONFIG>
