<Project xmlns="http://schemas.microsoft.com/developer/msbuild/2003">
    <PropertyGroup>
        <ProjectGuid>{FD509C07-D383-4DBD-8529-34B18838924A}</ProjectGuid>
        <MainSource>ZDbc.dpk</MainSource>
        <Base>True</Base>
        <Config Condition="'$(Config)'==''">Debug</Config>
        <TargetedPlatforms>3</TargetedPlatforms>
        <AppType>Package</AppType>
        <FrameworkType>None</FrameworkType>
        <ProjectVersion>18.1</ProjectVersion>
        <Platform Condition="'$(Platform)'==''">Win32</Platform>
    </PropertyGroup>
    <PropertyGroup Condition="'$(Config)'=='Base' or '$(Base)'!=''">
        <Base>true</Base>
    </PropertyGroup>
    <PropertyGroup Condition="('$(Platform)'=='Win32' and '$(Base)'=='true') or '$(Base_Win32)'!=''">
        <Base_Win32>true</Base_Win32>
        <CfgParent>Base</CfgParent>
        <Base>true</Base>
    </PropertyGroup>
    <PropertyGroup Condition="('$(Platform)'=='Win64' and '$(Base)'=='true') or '$(Base_Win64)'!=''">
        <Base_Win64>true</Base_Win64>
        <CfgParent>Base</CfgParent>
        <Base>true</Base>
    </PropertyGroup>
    <PropertyGroup Condition="'$(Config)'=='Release' or '$(Cfg_1)'!=''">
        <Cfg_1>true</Cfg_1>
        <CfgParent>Base</CfgParent>
        <Base>true</Base>
    </PropertyGroup>
    <PropertyGroup Condition="'$(Config)'=='Debug' or '$(Cfg_2)'!=''">
        <Cfg_2>true</Cfg_2>
        <CfgParent>Base</CfgParent>
        <Base>true</Base>
    </PropertyGroup>
    <PropertyGroup Condition="('$(Platform)'=='Win32' and '$(Cfg_2)'=='true') or '$(Cfg_2_Win32)'!=''">
        <Cfg_2_Win32>true</Cfg_2_Win32>
        <CfgParent>Cfg_2</CfgParent>
        <Cfg_2>true</Cfg_2>
        <Base>true</Base>
    </PropertyGroup>
    <PropertyGroup Condition="'$(Base)'!=''">
        <DCC_DcuOutput>.\$(Platform)\$(Config)</DCC_DcuOutput>
        <RuntimeOnlyPackage>true</RuntimeOnlyPackage>
        <DllSuffix>240</DllSuffix>
        <DCC_Namespace>System;Xml;Data;Datasnap;Web;Soap;Winapi;$(DCC_Namespace)</DCC_Namespace>
        <DCC_ImageBase>00400000</DCC_ImageBase>
        <DCC_N>false</DCC_N>
        <DCC_F>false</DCC_F>
        <DCC_S>false</DCC_S>
        <GenPackage>true</GenPackage>
        <DCC_K>false</DCC_K>
        <DCC_E>false</DCC_E>
        <DCC_Description>Zeos Low Level Database API</DCC_Description>
        <GenDll>true</GenDll>
        <DCC_OutputNeverBuildDcps>true</DCC_OutputNeverBuildDcps>
        <VerInfo_Locale>1045</VerInfo_Locale>
        <SanitizedProjectName>ZDbc</SanitizedProjectName>
        <VerInfo_Keys>CompanyName=;FileDescription=;FileVersion=1.0.0.0;InternalName=;LegalCopyright=;LegalTrademarks=;OriginalFilename=;ProductName=;ProductVersion=7.2.0.0;Comments=;CFBundleName=</VerInfo_Keys>
    </PropertyGroup>
    <PropertyGroup Condition="'$(Base_Win32)'!=''">
        <DCC_Namespace>System.Win;Data.Win;Datasnap.Win;Web.Win;Soap.Win;Xml.Win;Bde;$(DCC_Namespace)</DCC_Namespace>
        <VerInfo_IncludeVerInfo>true</VerInfo_IncludeVerInfo>
        <VerInfo_Keys>CompanyName=;FileDescription=;FileVersion=1.0.0.0;InternalName=;LegalCopyright=;LegalTrademarks=;OriginalFilename=;ProductName=;ProductVersion=7.2.0.0;Comments=</VerInfo_Keys>
        <VerInfo_Locale>1033</VerInfo_Locale>
    </PropertyGroup>
    <PropertyGroup Condition="'$(Base_Win64)'!=''">
        <VerInfo_IncludeVerInfo>true</VerInfo_IncludeVerInfo>
        <VerInfo_Locale>1033</VerInfo_Locale>
        <VerInfo_Keys>CompanyName=;FileDescription=;FileVersion=1.0.0.0;InternalName=;LegalCopyright=;LegalTrademarks=;OriginalFilename=;ProductName=;ProductVersion=7.2.0.0;Comments=</VerInfo_Keys>
        <DCC_Namespace>System.Win;Data.Win;Datasnap.Win;Web.Win;Soap.Win;Xml.Win;$(DCC_Namespace)</DCC_Namespace>
    </PropertyGroup>
    <PropertyGroup Condition="'$(Cfg_1)'!=''">
        <DCC_Define>RELEASE;$(DCC_Define)</DCC_Define>
        <DCC_LocalDebugSymbols>false</DCC_LocalDebugSymbols>
        <DCC_SymbolReferenceInfo>0</DCC_SymbolReferenceInfo>
        <DCC_DebugInformation>0</DCC_DebugInformation>
    </PropertyGroup>
    <PropertyGroup Condition="'$(Cfg_2)'!=''">
        <DCC_GenerateStackFrames>true</DCC_GenerateStackFrames>
        <DCC_Optimize>false</DCC_Optimize>
        <DCC_Define>DEBUG;$(DCC_Define)</DCC_Define>
    </PropertyGroup>
    <PropertyGroup Condition="'$(Cfg_2_Win32)'!=''">
        <VerInfo_IncludeVerInfo>true</VerInfo_IncludeVerInfo>
        <VerInfo_Locale>1033</VerInfo_Locale>
        <VerInfo_Keys>CompanyName=;FileDescription=;FileVersion=1.0.0.0;InternalName=;LegalCopyright=;LegalTrademarks=;OriginalFilename=;ProductName=;ProductVersion=7.2.0.0;Comments=</VerInfo_Keys>
    </PropertyGroup>
    <ItemGroup>
        <DelphiCompile Include="$(MainSource)">
            <MainSource>MainSource</MainSource>
        </DelphiCompile>
	<DCCReference Include="ZParseSql.dcp"/>
	<DCCReference Include="ZPlain.dcp"/>
	<DCCReference Include="..\..\src\dbc\ZDbcAdo.pas"/>
	<DCCReference Include="..\..\src\dbc\ZDbcAdoMetadata.pas"/>
	<DCCReference Include="..\..\src\dbc\ZDbcAdoResultSet.pas"/>
	<DCCReference Include="..\..\src\dbc\ZDbcAdoStatement.pas"/>
	<DCCReference Include="..\..\src\dbc\ZDbcAdoUtils.pas"/>
	<DCCReference Include="..\..\src\dbc\ZDbcASA.pas"/>
	<DCCReference Include="..\..\src\dbc\ZDbcASAMetadata.pas"/>
	<DCCReference Include="..\..\src\dbc\ZDbcASAResultSet.pas"/>
	<DCCReference Include="..\..\src\dbc\ZDbcASAStatement.pas"/>
	<DCCReference Include="..\..\src\dbc\ZDbcASAUtils.pas"/>
	<DCCReference Include="..\..\src\dbc\ZDbcCache.pas"/>
	<DCCReference Include="..\..\src\dbc\ZDbcCachedResultSet.pas"/>
	<DCCReference Include="..\..\src\dbc\ZDbcConnection.pas"/>
	<DCCReference Include="..\..\src\dbc\ZDbcDbLib.pas"/>
	<DCCReference Include="..\..\src\dbc\ZDbcDbLibMetadata.pas"/>
	<DCCReference Include="..\..\src\dbc\ZDbcDbLibResultSet.pas"/>
	<DCCReference Include="..\..\src\dbc\ZDbcDbLibStatement.pas"/>
	<DCCReference Include="..\..\src\dbc\ZDbcDbLibUtils.pas"/>
	<DCCReference Include="..\..\src\dbc\ZDbcFirebird.pas"/>
	<DCCReference Include="..\..\src\dbc\ZDbcFirebirdInterbase.pas"/>
	<DCCReference Include="..\..\src\dbc\ZDbcFirebirdResultSet.pas"/>
	<DCCReference Include="..\..\src\dbc\ZDbcFirebirdStatement.pas"/>
	<DCCReference Include="..\..\src\dbc\ZDbcGenericResolver.pas"/>
	<DCCReference Include="..\..\src\dbc\ZDbcInterbase6.pas"/>
	<DCCReference Include="..\..\src\dbc\ZDbcInterbase6ResultSet.pas"/>
	<DCCReference Include="..\..\src\dbc\ZDbcInterbase6Statement.pas"/>
	<DCCReference Include="..\..\src\dbc\ZDbcInterbase6Utils.pas"/>
	<DCCReference Include="..\..\src\dbc\ZDbcInterbaseFirebirdMetadata.pas"/>
	<DCCReference Include="..\..\src\dbc\ZDbcIntfs.pas"/>
	<DCCReference Include="..\..\src\dbc\ZDbcLogging.pas"/>
	<DCCReference Include="..\..\src\dbc\ZDbcMetadata.pas"/>
	<DCCReference Include="..\..\src\dbc\ZDbcMySql.pas"/>
	<DCCReference Include="..\..\src\dbc\ZDbcMySqlMetadata.pas"/>
	<DCCReference Include="..\..\src\dbc\ZDbcMySqlResultSet.pas"/>
	<DCCReference Include="..\..\src\dbc\ZDbcMySqlStatement.pas"/>
	<DCCReference Include="..\..\src\dbc\ZDbcMySqlUtils.pas"/>
	<DCCReference Include="..\..\src\dbc\ZDbcODBCCon.pas"/>
	<DCCReference Include="..\..\src\dbc\ZDbcODBCMetadata.pas"/>
	<DCCReference Include="..\..\src\dbc\ZDbcODBCResultSet.pas"/>
	<DCCReference Include="..\..\src\dbc\ZDbcODBCStatement.pas"/>
	<DCCReference Include="..\..\src\dbc\ZDbcODBCUtils.pas"/>
	<DCCReference Include="..\..\src\dbc\ZDbcOleDB.pas"/>
	<DCCReference Include="..\..\src\dbc\ZDbcOleDBMetaData.pas"/>
	<DCCReference Include="..\..\src\dbc\ZDbcOleDBResultSet.pas"/>
	<DCCReference Include="..\..\src\dbc\ZDbcOleDBStatement.pas"/>
	<DCCReference Include="..\..\src\dbc\ZDbcOleDBUtils.pas"/>
	<DCCReference Include="..\..\src\dbc\ZDbcOracle.pas"/>
	<DCCReference Include="..\..\src\dbc\ZDbcOracleMetadata.pas"/>
	<DCCReference Include="..\..\src\dbc\ZDbcOracleResultSet.pas"/>
	<DCCReference Include="..\..\src\dbc\ZDbcOracleStatement.pas"/>
	<DCCReference Include="..\..\src\dbc\ZDbcOracleUtils.pas"/>
	<DCCReference Include="..\..\src\dbc\ZDbcPooled.pas"/>
	<DCCReference Include="..\..\src\dbc\ZDbcPostgreSql.pas"/>
	<DCCReference Include="..\..\src\dbc\ZDbcPostgreSqlMetadata.pas"/>
	<DCCReference Include="..\..\src\dbc\ZDbcPostgreSqlResultSet.pas"/>
	<DCCReference Include="..\..\src\dbc\ZDbcPostgreSqlStatement.pas"/>
	<DCCReference Include="..\..\src\dbc\ZDbcPostgreSqlUtils.pas"/>
	<DCCReference Include="..\..\src\dbc\ZDbcProperties.pas"/>
	<DCCReference Include="..\..\src\dbc\ZDbcProxy.pas"/>
	<DCCReference Include="..\..\src\dbc\ZDbcProxyMetadata.pas"/>
	<DCCReference Include="..\..\src\dbc\ZDbcProxyResultSet.pas"/>
	<DCCReference Include="..\..\src\dbc\ZDbcProxyStatement.pas"/>
	<DCCReference Include="..\..\src\dbc\ZDbcProxyUtils.pas"/>
	<DCCReference Include="..\..\src\dbc\ZDbcResultSet.pas"/>
	<DCCReference Include="..\..\src\dbc\ZDbcResultSetMetadata.pas"/>
	<DCCReference Include="..\..\src\dbc\ZDbcSQLAnywhere.pas"/>
	<DCCReference Include="..\..\src\dbc\ZDbcSQLAnywhereResultSet.pas"/>
	<DCCReference Include="..\..\src\dbc\ZDbcSQLAnywhereStatement.pas"/>
	<DCCReference Include="..\..\src\dbc\ZDbcSQLAnywhereUtils.pas"/>
	<DCCReference Include="..\..\src\dbc\ZDbcSqLite.pas"/>
	<DCCReference Include="..\..\src\dbc\ZDbcSqLiteMetadata.pas"/>
	<DCCReference Include="..\..\src\dbc\ZDbcSqLiteResultSet.pas"/>
	<DCCReference Include="..\..\src\dbc\ZDbcSqLiteStatement.pas"/>
	<DCCReference Include="..\..\src\dbc\ZDbcSqLiteUtils.pas"/>
	<DCCReference Include="..\..\src\dbc\ZDbcStatement.pas"/>
	<DCCReference Include="..\..\src\dbc\ZDbcUtils.pas"/>
        <BuildConfiguration Include="Debug">
            <Key>Cfg_2</Key>
            <CfgParent>Base</CfgParent>
        </BuildConfiguration>
        <BuildConfiguration Include="Base">
            <Key>Base</Key>
        </BuildConfiguration>
        <BuildConfiguration Include="Release">
            <Key>Cfg_1</Key>
            <CfgParent>Base</CfgParent>
        </BuildConfiguration>
    </ItemGroup>
    <ProjectExtensions>
        <Borland.Personality>Delphi.Personality.12</Borland.Personality>
        <Borland.ProjectType>Package</Borland.ProjectType>
        <BorlandProject>
            <Delphi.Personality>
                <Source>
                    <Source Name="MainSource">ZDbc.dpk</Source>
                </Source>
                <Excluded_Packages>
                    <Excluded_Packages Name="$(BDSBIN)\dcloffice2k240.bpl">Microsoft Office 2000 Sample Automation Server Wrapper Components</Excluded_Packages>
                    <Excluded_Packages Name="$(BDSBIN)\dclofficexp240.bpl">Microsoft Office XP Sample Automation Server Wrapper Components</Excluded_Packages>
                </Excluded_Packages>
            </Delphi.Personality>
            <Platforms>
                <Platform value="OSX32">False</Platform>
                <Platform value="Win32">True</Platform>
                <Platform value="Win64">True</Platform>
            </Platforms>
        </BorlandProject>
        <ProjectFileVersion>12</ProjectFileVersion>
    </ProjectExtensions>
    <Import Project="$(BDS)\Bin\CodeGear.Delphi.Targets" Condition="Exists('$(BDS)\Bin\CodeGear.Delphi.Targets')"/>
    <Import Project="$(APPDATA)\Embarcadero\$(BDSAPPDATABASEDIR)\$(PRODUCTVERSION)\UserTools.proj" Condition="Exists('$(APPDATA)\Embarcadero\$(BDSAPPDATABASEDIR)\$(PRODUCTVERSION)\UserTools.proj')"/>
</Project>

<!-- EurekaLog First Line
[Exception Log]
EurekaLog Version=7007
Activate=0
DeleteMapAfterCompile=0
Encrypt Password=""
EurekaLog Last Line -->
